{
    "name": "discord-giveawaybot",
    "version": "0.1.10",
    "lockfileVersion": 1,
    "requires": true,
    "dependencies": {
        "cheerio": {
            "version": "1.0.0-rc.2",
            "requires": {
                "css-select": "~1.2.0",
                "dom-serializer": "~0.1.0",
                "entities": "~1.1.1",
                "htmlparser2": "^3.9.1",
                "lodash": "^4.15.0",
                "parse5": "^3.0.1"
            },
            "dependencies": {
                "@types/node": {
                    "version": "14.14.14",
                    "bundled": true
                },
                "boolbase": {
                    "version": "1.0.0",
                    "bundled": true
                },
                "css-select": {
                    "version": "1.2.0",
                    "bundled": true,
                    "requires": {
                        "boolbase": "~1.0.0",
                        "css-what": "2.1",
                        "domutils": "1.5.1",
                        "nth-check": "~1.0.1"
                    }
                },
                "css-what": {
                    "version": "2.1.3",
                    "bundled": true
                },
                "dom-serializer": {
                    "version": "0.1.1",
                    "bundled": true,
                    "requires": {
                        "domelementtype": "^1.3.0",
                        "entities": "^1.1.1"
                    }
                },
                "domelementtype": {
                    "version": "1.3.1",
                    "bundled": true
                },
                "domhandler": {
                    "version": "2.4.2",
                    "bundled": true,
                    "requires": {
                        "domelementtype": "1"
                    }
                },
                "domutils": {
                    "version": "1.5.1",
                    "bundled": true,
                    "requires": {
                        "dom-serializer": "0",
                        "domelementtype": "1"
                    }
                },
                "entities": {
                    "version": "1.1.2",
                    "bundled": true
                },
                "htmlparser2": {
                    "version": "3.10.1",
                    "bundled": true,
                    "requires": {
                        "domelementtype": "^1.3.1",
                        "domhandler": "^2.3.0",
                        "domutils": "^1.5.1",
                        "entities": "^1.1.1",
                        "inherits": "^2.0.1",
                        "readable-stream": "^3.1.1"
                    }
                },
                "inherits": {
                    "version": "2.0.4",
                    "bundled": true
                },
                "lodash": {
                    "version": "4.17.20",
                    "bundled": true
                },
                "nth-check": {
                    "version": "1.0.2",
                    "bundled": true,
                    "requires": {
                        "boolbase": "~1.0.0"
                    }
                },
                "parse5": {
                    "version": "3.0.3",
                    "bundled": true,
                    "requires": {
                        "@types/node": "*"
                    }
                },
                "readable-stream": {
                    "version": "3.6.0",
                    "bundled": true,
                    "requires": {
                        "inherits": "^2.0.3",
                        "string_decoder": "^1.1.1",
                        "util-deprecate": "^1.0.1"
                    }
                },
                "safe-buffer": {
                    "version": "5.2.1",
                    "bundled": true
                },
                "string_decoder": {
                    "version": "1.3.0",
                    "bundled": true,
                    "requires": {
                        "safe-buffer": "~5.2.0"
                    }
                },
                "util-deprecate": {
                    "version": "1.0.2",
                    "bundled": true
                }
            }
        },
        "cron": {
            "version": "1.2.1",
            "requires": {
                "moment-timezone": "^0.5.x"
            },
            "dependencies": {
                "moment": {
                    "version": "2.29.1",
                    "bundled": true
                },
                "moment-timezone": {
                    "version": "0.5.32",
                    "bundled": true,
                    "requires": {
                        "moment": ">= 2.9.0"
                    }
                }
            }
        },
        "dateformat": {
            "version": "2.0.0"
        },
        "discord.js": {
            "version": "11.3.2",
            "requires": {
                "long": "^4.0.0",
                "prism-media": "^0.0.2",
                "snekfetch": "^3.6.4",
                "tweetnacl": "^1.0.0",
                "ws": "^4.0.0"
            },
            "dependencies": {
                "async-limiter": {
                    "version": "1.0.1",
                    "bundled": true
                },
                "long": {
                    "version": "4.0.0",
                    "bundled": true
                },
                "prism-media": {
                    "version": "0.0.2",
                    "bundled": true
                },
                "safe-buffer": {
                    "version": "5.1.2",
                    "bundled": true
                },
                "snekfetch": {
                    "version": "3.6.4",
                    "bundled": true
                },
                "tweetnacl": {
                    "version": "1.0.3",
                    "bundled": true
                },
                "ws": {
                    "version": "4.1.0",
                    "bundled": true,
                    "requires": {
                        "async-limiter": "~1.0.0",
                        "safe-buffer": "~5.1.0"
                    }
                }
            }
        },
        "fs-extra": {
            "version": "4.0.1",
            "requires": {
                "graceful-fs": "^4.1.2",
                "jsonfile": "^3.0.0",
                "universalify": "^0.1.0"
            },
            "dependencies": {
                "graceful-fs": {
                    "version": "4.2.4",
                    "bundled": true
                },
                "jsonfile": {
                    "version": "3.0.1",
                    "bundled": true,
                    "requires": {
                        "graceful-fs": "^4.1.6"
                    }
                },
                "universalify": {
                    "version": "0.1.2",
                    "bundled": true
                }
            }
        },
        "glob": {
            "version": "7.1.1",
            "dev": true,
            "requires": {
                "fs.realpath": "^1.0.0",
                "inflight": "^1.0.4",
                "inherits": "2",
                "minimatch": "^3.0.2",
                "once": "^1.3.0",
                "path-is-absolute": "^1.0.0"
            },
            "dependencies": {
                "balanced-match": {
                    "version": "1.0.0",
                    "bundled": true,
                    "dev": true
                },
                "brace-expansion": {
                    "version": "1.1.11",
                    "bundled": true,
                    "dev": true,
                    "requires": {
                        "balanced-match": "^1.0.0",
                        "concat-map": "0.0.1"
                    }
                },
                "concat-map": {
                    "version": "0.0.1",
                    "bundled": true,
                    "dev": true
                },
                "fs.realpath": {
                    "version": "1.0.0",
                    "bundled": true,
                    "dev": true
                },
                "inflight": {
                    "version": "1.0.6",
                    "bundled": true,
                    "dev": true,
                    "requires": {
                        "once": "^1.3.0",
                        "wrappy": "1"
                    }
                },
                "inherits": {
                    "version": "2.0.4",
                    "bundled": true,
                    "dev": true
                },
                "minimatch": {
                    "version": "3.0.4",
                    "bundled": true,
                    "dev": true,
                    "requires": {
                        "brace-expansion": "^1.1.7"
                    }
                },
                "once": {
                    "version": "1.4.0",
                    "bundled": true,
                    "dev": true,
                    "requires": {
                        "wrappy": "1"
                    }
                },
                "path-is-absolute": {
                    "version": "1.0.1",
                    "bundled": true,
                    "dev": true
                },
                "wrappy": {
                    "version": "1.0.2",
                    "bundled": true,
                    "dev": true
                }
            }
        },
        "jsonfile": {
            "version": "2.0.0"
        },
        "lokijs": {
            "version": "1.4.1"
        },
        "minimist-string": {
            "version": "1.0.2",
            "requires": {
                "minimist": "git+https://github.com/aredridel/minimist.git#91d831555bb2361d6a1c9aeae26dd86a8eab0f03"
            },
            "dependencies": {
                "minimist": {
                    "version": "1.2.0",
                    "from": "git+https://github.com/aredridel/minimist.git#91d831555bb2361d6a1c9aeae26dd86a8eab0f03",
                    "bundled": true
                }
            }
        },
        "mocha": {
            "version": "3.2.0",
            "dev": true,
            "requires": {
                "browser-stdout": "1.3.0",
                "commander": "2.9.0",
                "debug": "2.2.0",
                "diff": "1.4.0",
                "escape-string-regexp": "1.0.5",
                "glob": "7.0.5",
                "growl": "1.9.2",
                "json3": "3.3.2",
                "lodash.create": "3.1.1",
                "mkdirp": "0.5.1",
                "supports-color": "3.1.2"
            },
            "dependencies": {
                "balanced-match": {
                    "version": "1.0.0",
                    "bundled": true,
                    "dev": true
                },
                "brace-expansion": {
                    "version": "1.1.11",
                    "bundled": true,
                    "dev": true,
                    "requires": {
                        "balanced-match": "^1.0.0",
                        "concat-map": "0.0.1"
                    }
                },
                "browser-stdout": {
                    "version": "1.3.0",
                    "bundled": true,
                    "dev": true
                },
                "commander": {
                    "version": "2.9.0",
                    "bundled": true,
                    "dev": true,
                    "requires": {
                        "graceful-readlink": ">= 1.0.0"
                    }
                },
                "concat-map": {
                    "version": "0.0.1",
                    "bundled": true,
                    "dev": true
                },
                "debug": {
                    "version": "2.2.0",
                    "bundled": true,
                    "dev": true,
                    "requires": {
                        "ms": "0.7.1"
                    }
                },
                "diff": {
                    "version": "1.4.0",
                    "bundled": true,
                    "dev": true
                },
                "escape-string-regexp": {
                    "version": "1.0.5",
                    "bundled": true,
                    "dev": true
                },
                "fs.realpath": {
                    "version": "1.0.0",
                    "bundled": true,
                    "dev": true
                },
                "glob": {
                    "version": "7.0.5",
                    "bundled": true,
                    "dev": true,
                    "requires": {
                        "fs.realpath": "^1.0.0",
                        "inflight": "^1.0.4",
                        "inherits": "2",
                        "minimatch": "^3.0.2",
                        "once": "^1.3.0",
                        "path-is-absolute": "^1.0.0"
                    }
                },
                "graceful-readlink": {
                    "version": "1.0.1",
                    "bundled": true,
                    "dev": true
                },
                "growl": {
                    "version": "1.9.2",
                    "bundled": true,
                    "dev": true
                },
                "has-flag": {
                    "version": "1.0.0",
                    "bundled": true,
                    "dev": true
                },
                "inflight": {
                    "version": "1.0.6",
                    "bundled": true,
                    "dev": true,
                    "requires": {
                        "once": "^1.3.0",
                        "wrappy": "1"
                    }
                },
                "inherits": {
                    "version": "2.0.4",
                    "bundled": true,
                    "dev": true
                },
                "json3": {
                    "version": "3.3.2",
                    "bundled": true,
                    "dev": true
                },
                "lodash._baseassign": {
                    "version": "3.2.0",
                    "bundled": true,
                    "dev": true,
                    "requires": {
                        "lodash._basecopy": "^3.0.0",
                        "lodash.keys": "^3.0.0"
                    }
                },
                "lodash._basecopy": {
                    "version": "3.0.1",
                    "bundled": true,
                    "dev": true
                },
                "lodash._basecreate": {
                    "version": "3.0.3",
                    "bundled": true,
                    "dev": true
                },
                "lodash._getnative": {
                    "version": "3.9.1",
                    "bundled": true,
                    "dev": true
                },
                "lodash._isiterateecall": {
                    "version": "3.0.9",
                    "bundled": true,
                    "dev": true
                },
                "lodash.create": {
                    "version": "3.1.1",
                    "bundled": true,
                    "dev": true,
                    "requires": {
                        "lodash._baseassign": "^3.0.0",
                        "lodash._basecreate": "^3.0.0",
                        "lodash._isiterateecall": "^3.0.0"
                    }
                },
                "lodash.isarguments": {
                    "version": "3.1.0",
                    "bundled": true,
                    "dev": true
                },
                "lodash.isarray": {
                    "version": "3.0.4",
                    "bundled": true,
                    "dev": true
                },
                "lodash.keys": {
                    "version": "3.1.2",
                    "bundled": true,
                    "dev": true,
                    "requires": {
                        "lodash._getnative": "^3.0.0",
                        "lodash.isarguments": "^3.0.0",
                        "lodash.isarray": "^3.0.0"
                    }
                },
                "minimatch": {
                    "version": "3.0.4",
                    "bundled": true,
                    "dev": true,
                    "requires": {
                        "brace-expansion": "^1.1.7"
                    }
                },
                "minimist": {
                    "version": "0.0.8",
                    "bundled": true,
                    "dev": true
                },
                "mkdirp": {
                    "version": "0.5.1",
                    "bundled": true,
                    "dev": true,
                    "requires": {
                        "minimist": "0.0.8"
                    }
                },
                "ms": {
                    "version": "0.7.1",
                    "bundled": true,
                    "dev": true
                },
                "once": {
                    "version": "1.4.0",
                    "bundled": true,
                    "dev": true,
                    "requires": {
                        "wrappy": "1"
                    }
                },
                "path-is-absolute": {
                    "version": "1.0.1",
                    "bundled": true,
                    "dev": true
                },
                "supports-color": {
                    "version": "3.1.2",
                    "bundled": true,
                    "dev": true,
                    "requires": {
                        "has-flag": "^1.0.0"
                    }
                },
                "wrappy": {
                    "version": "1.0.2",
                    "bundled": true,
                    "dev": true
                }
            }
        },
        "request": {
            "version": "2.81.0",
            "requires": {
                "aws-sign2": "~0.6.0",
                "aws4": "^1.2.1",
                "caseless": "~0.12.0",
                "combined-stream": "~1.0.5",
                "extend": "~3.0.0",
                "forever-agent": "~0.6.1",
                "form-data": "~2.1.1",
                "har-validator": "~4.2.1",
                "hawk": "~3.1.3",
                "http-signature": "~1.1.0",
                "is-typedarray": "~1.0.0",
                "isstream": "~0.1.2",
                "json-stringify-safe": "~5.0.1",
                "mime-types": "~2.1.7",
                "oauth-sign": "~0.8.1",
                "performance-now": "^0.2.0",
                "qs": "~6.4.0",
                "safe-buffer": "^5.0.1",
                "stringstream": "~0.0.4",
                "tough-cookie": "~2.3.0",
                "tunnel-agent": "^0.6.0",
                "uuid": "^3.0.0"
            },
            "dependencies": {
                "ajv": {
                    "version": "4.11.8",
                    "bundled": true,
                    "requires": {
                        "co": "^4.6.0",
                        "json-stable-stringify": "^1.0.1"
                    }
                },
                "asn1": {
                    "version": "0.2.4",
                    "bundled": true,
                    "requires": {
                        "safer-buffer": "~2.1.0"
                    }
                },
                "assert-plus": {
                    "version": "0.2.0",
                    "bundled": true
                },
                "asynckit": {
                    "version": "0.4.0",
                    "bundled": true
                },
                "aws-sign2": {
                    "version": "0.6.0",
                    "bundled": true
                },
                "aws4": {
                    "version": "1.11.0",
                    "bundled": true
                },
                "bcrypt-pbkdf": {
                    "version": "1.0.2",
                    "bundled": true,
                    "requires": {
                        "tweetnacl": "^0.14.3"
                    }
                },
                "boom": {
                    "version": "2.10.1",
                    "bundled": true,
                    "requires": {
                        "hoek": "2.x.x"
                    }
                },
                "caseless": {
                    "version": "0.12.0",
                    "bundled": true
                },
                "co": {
                    "version": "4.6.0",
                    "bundled": true
                },
                "combined-stream": {
                    "version": "1.0.8",
                    "bundled": true,
                    "requires": {
                        "delayed-stream": "~1.0.0"
                    }
                },
                "core-util-is": {
                    "version": "1.0.2",
                    "bundled": true
                },
                "cryptiles": {
                    "version": "2.0.5",
                    "bundled": true,
                    "requires": {
                        "boom": "2.x.x"
                    }
                },
                "dashdash": {
                    "version": "1.14.1",
                    "bundled": true,
                    "requires": {
                        "assert-plus": "^1.0.0"
                    },
                    "dependencies": {
                        "assert-plus": {
                            "version": "1.0.0",
                            "bundled": true
                        }
                    }
                },
                "delayed-stream": {
                    "version": "1.0.0",
                    "bundled": true
                },
                "ecc-jsbn": {
                    "version": "0.1.2",
                    "bundled": true,
                    "requires": {
                        "jsbn": "~0.1.0",
                        "safer-buffer": "^2.1.0"
                    }
                },
                "extend": {
                    "version": "3.0.2",
                    "bundled": true
                },
                "extsprintf": {
                    "version": "1.3.0",
                    "bundled": true
                },
                "forever-agent": {
                    "version": "0.6.1",
                    "bundled": true
                },
                "form-data": {
                    "version": "2.1.4",
                    "bundled": true,
                    "requires": {
                        "asynckit": "^0.4.0",
                        "combined-stream": "^1.0.5",
                        "mime-types": "^2.1.12"
                    }
                },
                "getpass": {
                    "version": "0.1.7",
                    "bundled": true,
                    "requires": {
                        "assert-plus": "^1.0.0"
                    },
                    "dependencies": {
                        "assert-plus": {
                            "version": "1.0.0",
                            "bundled": true
                        }
                    }
                },
                "har-schema": {
                    "version": "1.0.5",
                    "bundled": true
                },
                "har-validator": {
                    "version": "4.2.1",
                    "bundled": true,
                    "requires": {
                        "ajv": "^4.9.1",
                        "har-schema": "^1.0.5"
                    }
                },
                "hawk": {
                    "version": "3.1.3",
                    "bundled": true,
                    "requires": {
                        "boom": "2.x.x",
                        "cryptiles": "2.x.x",
                        "hoek": "2.x.x",
                        "sntp": "1.x.x"
                    }
                },
                "hoek": {
                    "version": "2.16.3",
                    "bundled": true
                },
                "http-signature": {
                    "version": "1.1.1",
                    "bundled": true,
                    "requires": {
                        "assert-plus": "^0.2.0",
                        "jsprim": "^1.2.2",
                        "sshpk": "^1.7.0"
                    }
                },
                "is-typedarray": {
                    "version": "1.0.0",
                    "bundled": true
                },
                "isstream": {
                    "version": "0.1.2",
                    "bundled": true
                },
                "jsbn": {
                    "version": "0.1.1",
                    "bundled": true
                },
                "json-schema": {
                    "version": "0.2.3",
                    "bundled": true
                },
                "json-stable-stringify": {
                    "version": "1.0.1",
                    "bundled": true,
                    "requires": {
                        "jsonify": "~0.0.0"
                    }
                },
                "json-stringify-safe": {
                    "version": "5.0.1",
                    "bundled": true
                },
                "jsonify": {
                    "version": "0.0.0",
                    "bundled": true
                },
                "jsprim": {
                    "version": "1.4.1",
                    "bundled": true,
                    "requires": {
                        "assert-plus": "1.0.0",
                        "extsprintf": "1.3.0",
                        "json-schema": "0.2.3",
                        "verror": "1.10.0"
                    },
                    "dependencies": {
                        "assert-plus": {
                            "version": "1.0.0",
                            "bundled": true
                        }
                    }
                },
                "mime-db": {
                    "version": "1.44.0",
                    "bundled": true
                },
                "mime-types": {
                    "version": "2.1.27",
                    "bundled": true,
                    "requires": {
                        "mime-db": "1.44.0"
                    }
                },
                "oauth-sign": {
                    "version": "0.8.2",
                    "bundled": true
                },
                "performance-now": {
                    "version": "0.2.0",
                    "bundled": true
                },
                "punycode": {
                    "version": "1.4.1",
                    "bundled": true
                },
                "qs": {
                    "version": "6.4.0",
                    "bundled": true
                },
                "safe-buffer": {
                    "version": "5.2.1",
                    "bundled": true
                },
                "safer-buffer": {
                    "version": "2.1.2",
                    "bundled": true
                },
                "sntp": {
                    "version": "1.0.9",
                    "bundled": true,
                    "requires": {
                        "hoek": "2.x.x"
                    }
                },
                "sshpk": {
                    "version": "1.16.1",
                    "bundled": true,
                    "requires": {
                        "asn1": "~0.2.3",
                        "assert-plus": "^1.0.0",
                        "bcrypt-pbkdf": "^1.0.0",
                        "dashdash": "^1.12.0",
                        "ecc-jsbn": "~0.1.1",
                        "getpass": "^0.1.1",
                        "jsbn": "~0.1.0",
                        "safer-buffer": "^2.0.2",
                        "tweetnacl": "~0.14.0"
                    },
                    "dependencies": {
                        "assert-plus": {
                            "version": "1.0.0",
                            "bundled": true
                        }
                    }
                },
                "stringstream": {
                    "version": "0.0.6",
                    "bundled": true
                },
                "tough-cookie": {
                    "version": "2.3.4",
                    "bundled": true,
                    "requires": {
                        "punycode": "^1.4.1"
                    }
                },
                "tunnel-agent": {
                    "version": "0.6.0",
                    "bundled": true,
                    "requires": {
                        "safe-buffer": "^5.0.1"
                    }
                },
                "tweetnacl": {
                    "version": "0.14.5",
                    "bundled": true
                },
                "uuid": {
                    "version": "3.4.0",
                    "bundled": true
                },
                "verror": {
                    "version": "1.10.0",
                    "bundled": true,
                    "requires": {
                        "assert-plus": "^1.0.0",
                        "core-util-is": "1.0.2",
                        "extsprintf": "^1.2.0"
                    },
                    "dependencies": {
                        "assert-plus": {
                            "version": "1.0.0",
                            "bundled": true
                        }
                    }
                }
            }
        },
        "request-promise-native": {
            "version": "1.0.4",
            "requires": {
                "request-promise-core": "1.1.1",
                "stealthy-require": "^1.1.0",
                "tough-cookie": ">=2.3.0"
            },
            "dependencies": {
                "lodash": {
                    "version": "4.17.20",
                    "bundled": true
                },
                "psl": {
                    "version": "1.8.0",
                    "bundled": true
                },
                "punycode": {
                    "version": "2.1.1",
                    "bundled": true
                },
                "request-promise-core": {
                    "version": "1.1.1",
                    "bundled": true,
                    "requires": {
                        "lodash": "^4.13.1"
                    }
                },
                "stealthy-require": {
                    "version": "1.1.1",
                    "bundled": true
                },
                "tough-cookie": {
                    "version": "4.0.0",
                    "bundled": true,
                    "requires": {
                        "psl": "^1.1.33",
                        "punycode": "^2.1.1",
                        "universalify": "^0.1.2"
                    }
                },
                "universalify": {
                    "version": "0.1.2",
                    "bundled": true
                }
            }
        },
        "winston": {
            "version": "2.4.0",
            "requires": {
                "async": "~1.0.0",
                "colors": "1.0.x",
                "cycle": "1.0.x",
                "eyes": "0.1.x",
                "isstream": "0.1.x",
                "stack-trace": "0.0.x"
            },
            "dependencies": {
                "async": {
                    "version": "1.0.0",
                    "bundled": true
                },
                "colors": {
                    "version": "1.0.3",
                    "bundled": true
                },
                "cycle": {
                    "version": "1.0.3",
                    "bundled": true
                },
                "eyes": {
                    "version": "0.1.8",
                    "bundled": true
                },
                "isstream": {
                    "version": "0.1.2",
                    "bundled": true
                },
                "stack-trace": {
                    "version": "0.0.10",
                    "bundled": true
                }
            }
        },
        "winston-daily-rotate-file": {
            "version": "1.7.2",
            "requires": {
                "mkdirp": "0.5.1"
            },
            "dependencies": {
                "minimist": {
                    "version": "0.0.8",
                    "bundled": true
                },
                "mkdirp": {
                    "version": "0.5.1",
                    "bundled": true,
                    "requires": {
                        "minimist": "0.0.8"
                    }
                }
            }
        }
    }
}
